
Microsoft Visual Studio Solution File, Format Version 12.00
# Visual Studio 15
VisualStudioVersion = 15.0.27703.2042
MinimumVisualStudioVersion = 10.0.40219.1
Project("{FAE04EC0-301F-11D3-BF4B-00C04F79EFBC}") = "OneShop", "OneShop\OneShop.csproj", "{12AE5673-4C6B-43B0-A9D8-7E2C9A24B860}"
EndProject
Project("{FAE04EC0-301F-11D3-BF4B-00C04F79EFBC}") = "OneShop.Model", "OneShop.Model\OneShop.Model.csproj", "{51818AA0-66A4-4369-9858-FC05EBBF46B5}"
EndProject
Project("{FAE04EC0-301F-11D3-BF4B-00C04F79EFBC}") = "OneShop.DAL", "OneShop.DAL\OneShop.DAL.csproj", "{23E08D85-076F-4440-9C52-194587DE8AD3}"
EndProject
Global
	GlobalSection(SolutionConfigurationPlatforms) = preSolution
		Debug|Any CPU = Debug|Any CPU
		Release|Any CPU = Release|Any CPU
	EndGlobalSection
	GlobalSection(ProjectConfigurationPlatforms) = postSolution
		{12AE5673-4C6B-43B0-A9D8-7E2C9A24B860}.Debug|Any CPU.ActiveCfg = Debug|Any CPU
		{12AE5673-4C6B-43B0-A9D8-7E2C9A24B860}.Debug|Any CPU.Build.0 = Debug|Any CPU
		{12AE5673-4C6B-43B0-A9D8-7E2C9A24B860}.Release|Any CPU.ActiveCfg = Release|Any CPU
		{12AE5673-4C6B-43B0-A9D8-7E2C9A24B860}.Release|Any CPU.Build.0 = Release|Any CPU
		{51818AA0-66A4-4369-9858-FC05EBBF46B5}.Debug|Any CPU.ActiveCfg = Debug|Any CPU
		{51818AA0-66A4-4369-9858-FC05EBBF46B5}.Debug|Any CPU.Build.0 = Debug|Any CPU
		{51818AA0-66A4-4369-9858-FC05EBBF46B5}.Release|Any CPU.ActiveCfg = Release|Any CPU
		{51818AA0-66A4-4369-9858-FC05EBBF46B5}.Release|Any CPU.Build.0 = Release|Any CPU
		{23E08D85-076F-4440-9C52-194587DE8AD3}.Debug|Any CPU.ActiveCfg = Debug|Any CPU
		{23E08D85-076F-4440-9C52-194587DE8AD3}.Debug|Any CPU.Build.0 = Debug|Any CPU
		{23E08D85-076F-4440-9C52-194587DE8AD3}.Release|Any CPU.ActiveCfg = Release|Any CPU
		{23E08D85-076F-4440-9C52-194587DE8AD3}.Release|Any CPU.Build.0 = Release|Any CPU
	EndGlobalSection
	GlobalSection(SolutionProperties) = preSolution
		HideSolutionNode = FALSE
	EndGlobalSection
	GlobalSection(ExtensibilityGlobals) = postSolution
		SolutionGuid = {0CE7DD68-BFF1-4E0B-9DF6-385B46233F5E}
	EndGlobalSection
EndGlobal
